PackratFormat: 1.4
PackratVersion: 0.4.4
RVersion: 3.2.3
Repos: =http://cran.rstudio.com

Package: BH
Source: CRAN
Version: 1.58.0-1
Hash: 4f6db3b5311bb006f536a2e67278d058

Package: DBI
Source: CRAN
Version: 0.3.1
Hash: 096699d1ac1cf530acfc646a0c90ee5d

Package: R.methodsS3
Source: CRAN
Version: 1.7.0
Hash: 18e488de0e3499493db5c7cdb7471e0c

Package: R.oo
Source: CRAN
Version: 1.19.0
Hash: b59acd11664f31a5e4fc4c8df8c9d422
Requires: R.methodsS3

Package: R.utils
Source: CRAN
Version: 2.2.0
Hash: dfc0bc71c7d72797636bfada613e0027
Requires: R.methodsS3, R.oo

Package: R6
Source: CRAN
Version: 2.1.1
Hash: 20a88b2c9c84aecff2702789a4d102f5

Package: RColorBrewer
Source: CRAN
Version: 1.1-2
Hash: c0d56cd15034f395874c870141870c25

Package: RJSONIO
Source: CRAN
Version: 1.3-0
Hash: fb672e20eb6f3010a3639f855d8ef6de

Package: RPostgreSQL
Source: CRAN
Version: 0.4
Hash: 058b28d752fb52d9c1dfdc2b21d0b5e5
Requires: DBI

Package: RSQLite
Source: CRAN
Version: 1.0.0
Requires: DBI

Package: Rcpp
Source: CRAN
Version: 0.12.2
Hash: 1928c2b7372e3f033217335f3fad25a3

Package: WDI
Source: CRAN
Version: 2.4
Hash: 0662dbf130136107809b0ac9306326e6
Requires: RJSONIO

Package: XML
Source: CRAN
Version: 3.98-1.3
Hash: 689166755239c3300769ca2d600381c6

Package: assertthat
Source: CRAN
Version: 0.1
Hash: 0afb92b59b02593c70ff8046700ba9d3

Package: base64enc
Source: CRAN
Version: 0.1-3
Hash: c590d29e555926af053055e23ee79efb

Package: chron
Source: CRAN
Version: 2.3-47
Hash: d25d96d908cd21080f24c89eed4c80a0

Package: colorspace
Source: CRAN
Version: 1.2-6
Hash: 00bb12245cd975c450cc4a960884fa15

Package: countrycode
Source: CRAN
Version: 0.18
Hash: 71771ef2ee8e27d4aa46babd7163dac5

Package: curl
Source: CRAN
Version: 0.9.3
Hash: 44fef64a3205c6e327a11a1a721da9b0

Package: data.table
Source: CRAN
Version: 1.9.4
Hash: b89234fb0b26ff6f53399cb5359d71a1
Requires: chron, reshape2

Package: dichromat
Source: CRAN
Version: 2.0-0
Hash: 08eed0c80510af29bb15f840ccfe37ce

Package: digest
Source: CRAN
Version: 0.6.8
Hash: de202f956596a476d09304e3a2ebf1e5

Package: dplyr
Source: CRAN
Version: 0.4.2
Hash: 51bd475dc0d7e8c5d0a5f70c235c1d35
Requires: BH, DBI, R6, Rcpp, assertthat, lazyeval, magrittr

Package: dygraphs
Source: github
Version: 0.4.6
Hash: 324e01c21109645fa5f164aa06ba71af
Requires: htmlwidgets, magrittr, xts, zoo
GithubRepo: dygraphs
GithubUsername: rstudio
GithubRef: master
GithubSha1: 82914e04595035e3a5c4c70cace9ed4fb46c2763

Package: evaluate
Source: CRAN
Version: 0.7
Hash: a60973dc1469b851e9b099b7e47043b5
Requires: stringr

Package: foreach
Source: CRAN
Version: 1.4.2
Hash: c306afbbf5cc2608170bc7205bf58bea
Requires: iterators

Package: formatR
Source: CRAN
Version: 1.2
Hash: cce53206179a99ae5a8bcf154ab5abde

Package: gdalUtils
Source: CRAN
Version: 0.3.1
Hash: cfb6298122a087ba6d01245c69e64aaf
Requires: R.utils, foreach, sp

Package: haven
Source: CRAN
Version: 0.2.0
Hash: 249b534d6b4bf2daddfd5781fc2bdc06
Requires: BH, Rcpp

Package: highr
Source: CRAN
Version: 0.5
Hash: 25f9c02030b94c8154273699a7df9cf8

Package: htmltools
Source: CRAN
Version: 0.2.6
Hash: 595e7dea94f5f049dfc1ed739f5161af
Requires: digest

Package: htmlwidgets
Source: github
Version: 0.5.1
Hash: ede2444ed0edd2e17a87277ab0920ce0
Requires: htmltools, jsonlite, yaml
GithubRepo: htmlwidgets
GithubUsername: ramnathv
GithubRef: master
GithubSha1: e1537847ca22a4d1b72a1f2309c177af9e459e46

Package: httpuv
Source: CRAN
Version: 1.3.3
Hash: ad41c96192683a69d291a45192ec8e2b
Requires: Rcpp

Package: httr
Source: CRAN
Version: 1.0.0
Hash: 165c156aaf69073f9a1f8a4211c626d9
Requires: R6, curl, digest, jsonlite, mime, stringr

Package: iterators
Source: CRAN
Version: 1.0.7
Hash: 5b4df529141f993389b8fb24d56fe531

Package: jsonlite
Source: CRAN
Version: 0.9.17
Hash: d44b8f8c89ff794d6ec8a07dde103d24

Package: knitr
Source: CRAN
Version: 1.10.5
Hash: 3734733a01c3a749fcf26a6c9adfb8e4
Requires: digest, evaluate, formatR, highr, markdown, stringr, yaml

Package: labeling
Source: CRAN
Version: 0.3
Hash: ecf589b42cd284b03a4beb9665482d3e

Package: lazyeval
Source: CRAN
Version: 0.1.10
Hash: 9679f1ac7f6bc07bc79755f34cd15e1f

Package: leaflet
Source: github
Version: 1.0.1.9002
Hash: 04e1a9bd6926521f4fc3040bce0a0e33
Requires: RColorBrewer, base64enc, htmltools, htmlwidgets, magrittr,
    markdown, png, raster, scales, sp
GithubRepo: leaflet
GithubUsername: rstudio
GithubRef: master
GithubSha1: f89f66d19149ead272952de8de808f7127fe4a14

Package: leafletvt
Source: github
Version: 0.0.2
Hash: fe2df34758475b6a17a57b8f7cb3acee
Requires: RPostgreSQL, curl, jsonlite, leaflet
GithubRepo: leafletvt
GithubUsername: fxi
GithubRef: master
GithubSha1: 1c4ec5a6c273d4b102fe709631d86173f10fc308

Package: longurl
Source: CRAN
Version: 0.1.0
Hash: 75ee442f04802a088e866d98687e9aad
Requires: dplyr, httr, pbapply

Package: magrittr
Source: CRAN
Version: 1.5
Hash: bdc4d48c3135e8f3b399536ddf160df4

Package: markdown
Source: CRAN
Version: 0.7.7
Hash: fea2343a1119d61b0cc5c0a950d103a3
Requires: mime

Package: mime
Source: CRAN
Version: 0.4
Hash: b08c52dae92a0a11e64a4deea032ec33

Package: munsell
Source: CRAN
Version: 0.4.2
Hash: 72d343a6664778029f49a7ad36de1cab
Requires: colorspace

Package: openxlsx
Source: CRAN
Version: 3.0.0
Hash: 70c3bba189749c8f9d4531c186e02cb5
Requires: Rcpp

Package: packrat
Source: CRAN
Version: 0.4.4
Hash: aed7d17407538df551a57caf6289c8bf

Package: pbapply
Source: CRAN
Version: 1.1-1
Hash: f0b18e97bff7c5301b6bb3fa2f93aa29

Package: plyr
Source: CRAN
Version: 1.8.3
Hash: 5cf4672c5940e265f2602d5d806d303d
Requires: Rcpp

Package: png
Source: CRAN
Version: 0.1-7
Hash: 421d7d6e0fb4bd885ecbd909b6456b8b

Package: raster
Source: CRAN
Version: 2.4-20
Hash: e1889a0d09a4ad457de35c3c8d17f2d7
Requires: Rcpp, sp

Package: readODS
Source: CRAN
Version: 1.4
Hash: 4b1312faf6317495ddd22b60bea390dc
Requires: XML

Package: readxl
Source: CRAN
Version: 0.1.0
Hash: 8df3f6219de96ff895cfc250476f778a
Requires: Rcpp

Package: reshape2
Source: CRAN
Version: 1.4.1
Hash: 193899598711fc9776f383bbdf266118
Requires: Rcpp, plyr, stringr

Package: rgdal
Source: CRAN
Version: 0.9-3
Hash: 528fe30bb976212955dd497d6aafa561
Requires: sp

Package: rgeos
Source: CRAN
Version: 0.3-11
Hash: 528c94f4aa36e08cf73f11e3b38ae436
Requires: sp

Package: rio
Source: github
Version: 0.2.3
Hash: cde824e2bcaf802485242658d25c4b48
Requires: XML, curl, data.table, haven, jsonlite, longurl, openxlsx,
    readODS, readxl
GithubRepo: rio
GithubUsername: leeper
GithubRef: master
GithubSha1: f278e545752c78143216ac955c25b204559fbf0b

Package: scales
Source: CRAN
Version: 0.3.0
Hash: 323f8f5a7f2823f19bd3fd3c15fc196a
Requires: RColorBrewer, Rcpp, dichromat, labeling, munsell, plyr

Package: sendmailR
Source: CRAN
Version: 1.2-1
Hash: 26561ceb5871f3983b40c2bfdf90ed09
Requires: base64enc

Package: shiny
Source: github
Version: 0.12.2.9000
Hash: 856f3858341e29a4143105b41f25960e
Requires: R6, digest, htmltools, httpuv, jsonlite, mime, xtable
GithubRepo: shiny
GithubUsername: rstudio
GithubRef: master
GithubSha1: a242ae3849622062a90c0822a1bc718833574f5e

Package: shinyAce
Source: github
Version: 0.2.1
Hash: 0cbc28d9df9abda99e98ed6a500f3770
Requires: shiny
GithubRepo: shinyAce
GithubUsername: trestletech
GithubRef: master
GithubSha1: ba38a4d2dd56f3cf7161a5802d4659df13d74473

Package: shinyTour
Source: github
Version: 0.1
Hash: c3796ac9531d1da581cf7f063e24d026
Requires: R6, RSQLite, base64enc, markdown, shiny, shinyAce
GithubRepo: shinyTour
GithubUsername: fxi
GithubRef: master
GithubSha1: dc710e3ef2c7e42ec3e7dbad5f8a46c0a8054130

Package: sp
Source: CRAN
Version: 1.2-1
Hash: ecc445b1785d42c5cb3f4d687a121bea

Package: stringi
Source: CRAN
Version: 0.4-1
Hash: 5f5be3e0eaf1ce0228196e80c47b0ab3

Package: stringr
Source: CRAN
Version: 1.0.0
Hash: 2676dd5f88890910962b733b0f9540e1
Requires: magrittr, stringi

Package: xtable
Source: CRAN
Version: 1.8-0
Hash: 3816a222bb6837b3344d230b54b4c3cc

Package: xts
Source: CRAN
Version: 0.9-7
Hash: fb3f81d7a2fa2323879b6b49722ddc5e
Requires: zoo

Package: yaml
Source: CRAN
Version: 2.1.13
Hash: 4854ccabebc225e8a7309fb4a74980de

Package: zoo
Source: CRAN
Version: 1.7-12
Hash: 8ce4a89536cba4fa6023190959de5658
