PackratFormat: 1.4
PackratVersion: 0.4.4
RVersion: 3.2.0
Repos: =http://cran.rstudio.com

Package: DBI
Source: CRAN
Version: 0.3.1
Hash: 096699d1ac1cf530acfc646a0c90ee5d

Package: R6
Source: CRAN
Version: 2.0.1
Hash: 40dff191bf683de95a0b131f9509647e

Package: RColorBrewer
Source: CRAN
Version: 1.1-2
Hash: c0d56cd15034f395874c870141870c25

Package: RPostgreSQL
Source: CRAN
Version: 0.4
Hash: 058b28d752fb52d9c1dfdc2b21d0b5e5
Requires: DBI

Package: Rcpp
Source: CRAN
Version: 0.11.6
Hash: 193916618dce89b287517f457de8fa8b

Package: base64enc
Source: CRAN
Version: 0.1-2
Hash: df66773c6ea9cad0beb6dc3e33e3e3e1

Package: colorspace
Source: CRAN
Version: 1.2-6
Hash: 00bb12245cd975c450cc4a960884fa15

Package: curl
Source: CRAN
Version: 0.9.1
Hash: 19b1413ddc86eb2b09d02d8b230d054a

Package: dichromat
Source: CRAN
Version: 2.0-0
Hash: 08eed0c80510af29bb15f840ccfe37ce

Package: digest
Source: CRAN
Version: 0.6.8
Hash: de202f956596a476d09304e3a2ebf1e5

Package: htmltools
Source: CRAN
Version: 0.2.6
Hash: 595e7dea94f5f049dfc1ed739f5161af
Requires: digest

Package: htmlwidgets
Source: CRAN
Version: 0.5
Hash: 0aa33e8666baac6fcff4e376789b9c2e
Requires: htmltools, jsonlite, yaml

Package: httpuv
Source: CRAN
Version: 1.3.2
Hash: 2313c5269a97eddd06e93ed977eb5478
Requires: Rcpp

Package: jsonlite
Source: CRAN
Version: 0.9.16
Hash: 24d362a166a96ac1969e64ede522c717

Package: labeling
Source: CRAN
Version: 0.3
Hash: ecf589b42cd284b03a4beb9665482d3e

Package: leaflet
Source: CRAN
Version: 1.0.0
Hash: 0176fa1090fd0c02de837564c02eb7df
Requires: RColorBrewer, base64enc, htmltools, htmlwidgets, magrittr,
    markdown, png, raster, scales, sp

Package: leafletvt
Source: github
Version: 0.0.1
Hash: 8c11088c5b7031e515174e39bb094caa
Requires: RPostgreSQL, curl, jsonlite, leaflet
GithubRepo: leafletvt
GithubUsername: fxi
GithubRef: master
GithubSha1: d0af07aff7ff29ec02e83f3dc2599be6b556fb9a

Package: magrittr
Source: CRAN
Version: 1.5
Hash: bdc4d48c3135e8f3b399536ddf160df4

Package: markdown
Source: CRAN
Version: 0.7.7
Hash: fea2343a1119d61b0cc5c0a950d103a3
Requires: mime

Package: mime
Source: CRAN
Version: 0.3
Hash: 629133973445ad75e5438a2bb6b05c17

Package: munsell
Source: CRAN
Version: 0.4.2
Hash: 72d343a6664778029f49a7ad36de1cab
Requires: colorspace

Package: packrat
Source: CRAN
Version: 0.4.4
Hash: aed7d17407538df551a57caf6289c8bf

Package: plyr
Source: CRAN
Version: 1.8.3
Hash: 36f23123a89bfe6d93b2d219387ae795
Requires: Rcpp

Package: png
Source: CRAN
Version: 0.1-7
Hash: 421d7d6e0fb4bd885ecbd909b6456b8b

Package: raster
Source: CRAN
Version: 2.4-15
Hash: 1deaa0ceeb86bc3042ff2644c116b21d
Requires: Rcpp, sp

Package: scales
Source: CRAN
Version: 0.2.5
Hash: bec2b5457cce7f6b4922fc0610085a48
Requires: RColorBrewer, Rcpp, dichromat, labeling, munsell, plyr

Package: shiny
Source: CRAN
Version: 0.12.0
Hash: a0220708ea8fe5201e711e07e741f3a9
Requires: R6, digest, htmltools, httpuv, jsonlite, mime, xtable

Package: sp
Source: CRAN
Version: 1.1-1
Hash: a6f7857b06c83649b8c6a4724b5b9233

Package: xtable
Source: CRAN
Version: 1.7-4
Hash: 30ed90ebdd90a529aab31fd6792a8d61

Package: yaml
Source: CRAN
Version: 2.1.13
Hash: 4854ccabebc225e8a7309fb4a74980de
